
Microsoft Visual Studio Solution File, Format Version 12.00
# Visual Studio Version 17
VisualStudioVersion = 17.11.35312.102
MinimumVisualStudioVersion = 10.0.40219.1
Project("{FAE04EC0-301F-11D3-BF4B-00C04F79EFBC}") = "Online-Bookstore", "Online-Bookstore.csproj", "{447FDF43-3292-4B10-A248-A48FDD205621}"
EndProject
Global
	GlobalSection(SolutionConfigurationPlatforms) = preSolution
		Debug|Any CPU = Debug|Any CPU
		Release|Any CPU = Release|Any CPU
	EndGlobalSection
	GlobalSection(ProjectConfigurationPlatforms) = postSolution
		{447FDF43-3292-4B10-A248-A48FDD205621}.Debug|Any CPU.ActiveCfg = Debug|Any CPU
		{447FDF43-3292-4B10-A248-A48FDD205621}.Debug|Any CPU.Build.0 = Debug|Any CPU
		{447FDF43-3292-4B10-A248-A48FDD205621}.Release|Any CPU.ActiveCfg = Release|Any CPU
		{447FDF43-3292-4B10-A248-A48FDD205621}.Release|Any CPU.Build.0 = Release|Any CPU
	EndGlobalSection
	GlobalSection(SolutionProperties) = preSolution
		HideSolutionNode = FALSE
	EndGlobalSection
	GlobalSection(ExtensibilityGlobals) = postSolution
		SolutionGuid = {AAE8FBF5-DF95-4849-8822-706BC8BB7B50}
	EndGlobalSection
EndGlobal
